
Microsoft Visual Studio Solution File, Format Version 12.00
# Visual Studio Version 16
VisualStudioVersion = 16.0.29326.143
MinimumVisualStudioVersion = 10.0.40219.1
Project("{9A19103F-16F7-4668-BE54-9A1E7A4F7556}") = "StatusMonitor.Server", "StatusMonitor.Server\StatusMonitor.Server.csproj", "{9A87E1AB-8FF3-4250-A163-4A7D7C5B310C}"
EndProject
Project("{9A19103F-16F7-4668-BE54-9A1E7A4F7556}") = "StatusMonitor.Agent", "StatusMonitor.Agent\StatusMonitor.Agent.csproj", "{1D6D413A-5140-43C2-A7AF-2A33372D968D}"
EndProject
Project("{9A19103F-16F7-4668-BE54-9A1E7A4F7556}") = "StatusMonitor.Client", "StatusMonitor.Client\StatusMonitor.Client.csproj", "{C11B8D85-454E-4363-AB3D-9CF372D811F5}"
EndProject
Project("{9A19103F-16F7-4668-BE54-9A1E7A4F7556}") = "StatusMonitorAgent.Test", "Tests\StatusMonitorAgent.Test\StatusMonitorAgent.Test.csproj", "{A0ACF371-7328-4A52-84F5-F2E3344636F6}"
EndProject
Project("{2150E333-8FDC-42A3-9474-1A3956D46DE8}") = "Tests", "Tests", "{3F7975FD-4F8C-47EF-8598-70B6080E044F}"
EndProject
Project("{FAE04EC0-301F-11D3-BF4B-00C04F79EFBC}") = "StatusMonitor.Agent.Installer", "Setup\StatusMonitor.Agent.Installer\StatusMonitor.Agent.Installer.csproj", "{C2FCC389-8CE6-45D1-8D9D-43A5D79DC9B2}"
EndProject
Project("{2150E333-8FDC-42A3-9474-1A3956D46DE8}") = "Setup", "Setup", "{2307C078-3286-44BF-A924-146814AE10CB}"
EndProject
Project("{54435603-DBB4-11D2-8724-00A0C9A8B90C}") = "StatusMonitor.Agent.Setup", "Setup\StatusMonitor.Agent.Setup\StatusMonitor.Agent.Setup.vdproj", "{D96F1F97-489F-4A9F-A811-B2267A80B58A}"
EndProject
Global
	GlobalSection(SolutionConfigurationPlatforms) = preSolution
		Debug|Any CPU = Debug|Any CPU
		Release|Any CPU = Release|Any CPU
	EndGlobalSection
	GlobalSection(ProjectConfigurationPlatforms) = postSolution
		{9A87E1AB-8FF3-4250-A163-4A7D7C5B310C}.Debug|Any CPU.ActiveCfg = Debug|Any CPU
		{9A87E1AB-8FF3-4250-A163-4A7D7C5B310C}.Debug|Any CPU.Build.0 = Debug|Any CPU
		{9A87E1AB-8FF3-4250-A163-4A7D7C5B310C}.Release|Any CPU.ActiveCfg = Release|Any CPU
		{9A87E1AB-8FF3-4250-A163-4A7D7C5B310C}.Release|Any CPU.Build.0 = Release|Any CPU
		{1D6D413A-5140-43C2-A7AF-2A33372D968D}.Debug|Any CPU.ActiveCfg = Debug|Any CPU
		{1D6D413A-5140-43C2-A7AF-2A33372D968D}.Debug|Any CPU.Build.0 = Debug|Any CPU
		{1D6D413A-5140-43C2-A7AF-2A33372D968D}.Release|Any CPU.ActiveCfg = Release|Any CPU
		{1D6D413A-5140-43C2-A7AF-2A33372D968D}.Release|Any CPU.Build.0 = Release|Any CPU
		{C11B8D85-454E-4363-AB3D-9CF372D811F5}.Debug|Any CPU.ActiveCfg = Debug|Any CPU
		{C11B8D85-454E-4363-AB3D-9CF372D811F5}.Debug|Any CPU.Build.0 = Debug|Any CPU
		{C11B8D85-454E-4363-AB3D-9CF372D811F5}.Release|Any CPU.ActiveCfg = Release|Any CPU
		{C11B8D85-454E-4363-AB3D-9CF372D811F5}.Release|Any CPU.Build.0 = Release|Any CPU
		{A0ACF371-7328-4A52-84F5-F2E3344636F6}.Debug|Any CPU.ActiveCfg = Debug|Any CPU
		{A0ACF371-7328-4A52-84F5-F2E3344636F6}.Debug|Any CPU.Build.0 = Debug|Any CPU
		{A0ACF371-7328-4A52-84F5-F2E3344636F6}.Release|Any CPU.ActiveCfg = Release|Any CPU
		{A0ACF371-7328-4A52-84F5-F2E3344636F6}.Release|Any CPU.Build.0 = Release|Any CPU
		{C2FCC389-8CE6-45D1-8D9D-43A5D79DC9B2}.Debug|Any CPU.ActiveCfg = Debug|Any CPU
		{C2FCC389-8CE6-45D1-8D9D-43A5D79DC9B2}.Debug|Any CPU.Build.0 = Debug|Any CPU
		{C2FCC389-8CE6-45D1-8D9D-43A5D79DC9B2}.Release|Any CPU.ActiveCfg = Release|Any CPU
		{C2FCC389-8CE6-45D1-8D9D-43A5D79DC9B2}.Release|Any CPU.Build.0 = Release|Any CPU
		{D96F1F97-489F-4A9F-A811-B2267A80B58A}.Debug|Any CPU.ActiveCfg = Debug
		{D96F1F97-489F-4A9F-A811-B2267A80B58A}.Debug|Any CPU.Build.0 = Debug
		{D96F1F97-489F-4A9F-A811-B2267A80B58A}.Release|Any CPU.ActiveCfg = Release
		{D96F1F97-489F-4A9F-A811-B2267A80B58A}.Release|Any CPU.Build.0 = Release
	EndGlobalSection
	GlobalSection(SolutionProperties) = preSolution
		HideSolutionNode = FALSE
	EndGlobalSection
	GlobalSection(NestedProjects) = preSolution
		{A0ACF371-7328-4A52-84F5-F2E3344636F6} = {3F7975FD-4F8C-47EF-8598-70B6080E044F}
		{C2FCC389-8CE6-45D1-8D9D-43A5D79DC9B2} = {2307C078-3286-44BF-A924-146814AE10CB}
		{D96F1F97-489F-4A9F-A811-B2267A80B58A} = {2307C078-3286-44BF-A924-146814AE10CB}
	EndGlobalSection
	GlobalSection(ExtensibilityGlobals) = postSolution
		SolutionGuid = {2974633C-3D79-420E-8DFC-DBA4AC43D45A}
	EndGlobalSection
EndGlobal
